<Solution>
  <Folder Name="/Lab2 - Monolith/">
    <Project Path="PRN232.LMS.API/PRN232.LMS.API.csproj" />
    <Project Path="PRN232.LMS.Repositories/PRN232.LMS.Repositories.csproj" />
    <Project Path="PRN232.LMS.Services/PRN232.LMS.Services.csproj" />
  </Folder>
  <Folder Name="/Lab3 - Microservices/">
    <Project Path="PRN232.LMS.Contracts/PRN232.LMS.Contracts.csproj" />
    <Project Path="PRN232.LMS.Identity.Service/PRN232.LMS.Identity.Service.csproj" />
    <Project Path="PRN232.LMS.Student.Service/PRN232.LMS.Student.Service.csproj" />
    <Project Path="PRN232.LMS.Course.Service/PRN232.LMS.Course.Service.csproj" />
    <Project Path="PRN232.LMS.ApiGateway/PRN232.LMS.ApiGateway.csproj" />
  </Folder>
  <Folder Name="/Solution Items/">
    <File Path=".dockerignore" />
    <File Path="docker-compose.yml" />
    <File Path="Dockerfile" />
    <File Path="docs/Architecture-Report-Lab3.md" />
    <File Path="postman/LMS-Lab3.postman_collection.json" />
  </Folder>
</Solution>
